{
  "version": 4,
  "terraform_version": "1.14.3",
  "serial": 64,
  "lineage": "436817e7-dfb8-b941-95b4-5d84770d9d19",
  "outputs": {
    "vm_public_ip": {
      "value": "20.104.51.142",
      "type": "string"
    }
  },
  "resources": [
    {
      "mode": "data",
      "type": "azurerm_client_config",
      "name": "current",
      "provider": "provider[\"registry.terraform.io/hashicorp/azurerm\"]",
      "instances": [
        {
          "schema_version": 0,
          "attributes": {
            "client_id": "04b07795-8ddb-461a-bbee-02f9e1bf7b46",
            "id": "Y2xpZW50Q29uZmlncy9jbGllbnRJZD0wNGIwNzc5NS04ZGRiLTQ2MWEtYmJlZS0wMmY5ZTFiZjdiNDY7b2JqZWN0SWQ9YjQzNmE1NjMtNWM0MS00MzJhLTgwZGUtZWUxNTVjYzgwYWI4O3N1YnNjcmlwdGlvbklkPTljMzJmNDdkLTZhYWItNGFmNi05MjFkLTJkZTZjZmU0ZWM4Zjt0ZW5hbnRJZD0zZTRmNWZkMi0wY2Q3LTQzNzAtOTk4MC05M2VkZDM1ZjI0ZWI=",
            "object_id": "b436a563-5c41-432a-80de-ee155cc80ab8",
            "subscription_id": "9c32f47d-6aab-4af6-921d-2de6cfe4ec8f",
            "tenant_id": "3e4f5fd2-0cd7-4370-9980-93edd35f24eb",
            "timeouts": null
          },
          "sensitive_attributes": [],
          "identity_schema_version": 0
        }
      ]
    },
    {
      "mode": "managed",
      "type": "azurerm_application_insights",
      "name": "appi",
      "provider": "provider[\"registry.terraform.io/hashicorp/azurerm\"]",
      "instances": [
        {
          "schema_version": 2,
          "attributes": {
            "app_id": "8f594778-2da5-4e3a-aa4a-9d0ac12bf898",
            "application_type": "web",
            "connection_string": "InstrumentationKey=fe2b8046-8400-4cc7-84ff-9f128d59cb47;IngestionEndpoint=https://canadacentral-1.in.applicationinsights.azure.com/;LiveEndpoint=https://canadacentral.livediagnostics.monitor.azure.com/;ApplicationId=8f594778-2da5-4e3a-aa4a-9d0ac12bf898",
            "daily_data_cap_in_gb": 100,
            "daily_data_cap_notifications_disabled": false,
            "disable_ip_masking": false,
            "force_customer_storage_for_profiler": false,
            "id": "/subscriptions/9c32f47d-6aab-4af6-921d-2de6cfe4ec8f/resourceGroups/rg-devops-demo/providers/Microsoft.Insights/components/appi-devops-demo",
            "instrumentation_key": "fe2b8046-8400-4cc7-84ff-9f128d59cb47",
            "internet_ingestion_enabled": true,
            "internet_query_enabled": true,
            "local_authentication_disabled": false,
            "location": "canadacentral",
            "name": "appi-devops-demo",
            "resource_group_name": "rg-devops-demo",
            "retention_in_days": 90,
            "sampling_percentage": 100,
            "tags": {},
            "timeouts": null,
            "workspace_id": "/subscriptions/9c32f47d-6aab-4af6-921d-2de6cfe4ec8f/resourceGroups/rg-devops-demo/providers/Microsoft.OperationalInsights/workspaces/law-devops-demo"
          },
          "sensitive_attributes": [
            [
              {
                "type": "get_attr",
                "value": "connection_string"
              }
            ],
            [
              {
                "type": "get_attr",
                "value": "instrumentation_key"
              }
            ]
          ],
          "identity_schema_version": 0,
          "private": "eyJlMmJmYjczMC1lY2FhLTExZTYtOGY4OC0zNDM2M2JjN2M0YzAiOnsiY3JlYXRlIjozNjAwMDAwMDAwMDAwLCJkZWxldGUiOjE4MDAwMDAwMDAwMDAsInJlYWQiOjMwMDAwMDAwMDAwMCwidXBkYXRlIjoxODAwMDAwMDAwMDAwfSwic2NoZW1hX3ZlcnNpb24iOiIyIn0=",
          "dependencies": [
            "azurerm_log_analytics_workspace.law",
            "azurerm_resource_group.rg"
          ]
        }
      ]
    },
    {
      "mode": "managed",
      "type": "azurerm_consumption_budget_resource_group",
      "name": "devops_budget",
      "provider": "provider[\"registry.terraform.io/hashicorp/azurerm\"]",
      "instances": [
        {
          "schema_version": 0,
          "attributes": {
            "amount": 50,
            "etag": "\"1dc90680eca9d4e\"",
            "filter": [],
            "id": "/subscriptions/9c32f47d-6aab-4af6-921d-2de6cfe4ec8f/resourceGroups/rg-devops-demo/providers/Microsoft.Consumption/budgets/devops-budget",
            "name": "devops-budget",
            "notification": [
              {
                "contact_emails": [
                  "your-team@company.com"
                ],
                "contact_groups": [],
                "contact_roles": [],
                "enabled": true,
                "operator": "GreaterThan",
                "threshold": 100,
                "threshold_type": "Actual"
              },
              {
                "contact_emails": [
                  "your-team@company.com"
                ],
                "contact_groups": [],
                "contact_roles": [],
                "enabled": true,
                "operator": "GreaterThan",
                "threshold": 50,
                "threshold_type": "Actual"
              },
              {
                "contact_emails": [
                  "your-team@company.com"
                ],
                "contact_groups": [],
                "contact_roles": [],
                "enabled": true,
                "operator": "GreaterThan",
                "threshold": 80,
                "threshold_type": "Actual"
              }
            ],
            "resource_group_id": "/subscriptions/9c32f47d-6aab-4af6-921d-2de6cfe4ec8f/resourceGroups/rg-devops-demo",
            "time_grain": "Monthly",
            "time_period": [
              {
                "end_date": "2036-01-01T00:00:00Z",
                "start_date": "2026-01-01T00:00:00Z"
              }
            ],
            "timeouts": null
          },
          "sensitive_attributes": [],
          "identity_schema_version": 0,
          "private": "eyJlMmJmYjczMC1lY2FhLTExZTYtOGY4OC0zNDM2M2JjN2M0YzAiOnsiY3JlYXRlIjoxODAwMDAwMDAwMDAwLCJkZWxldGUiOjE4MDAwMDAwMDAwMDAsInJlYWQiOjMwMDAwMDAwMDAwMCwidXBkYXRlIjoxODAwMDAwMDAwMDAwfX0=",
          "dependencies": [
            "azurerm_resource_group.rg"
          ]
        }
      ]
    },
    {
      "mode": "managed",
      "type": "azurerm_key_vault",
      "name": "kv",
      "provider": "provider[\"registry.terraform.io/hashicorp/azurerm\"]",
      "instances": [
        {
          "schema_version": 2,
          "attributes": {
            "access_policy": [
              {
                "application_id": "",
                "certificate_permissions": [],
                "key_permissions": [],
                "object_id": "b436a563-5c41-432a-80de-ee155cc80ab8",
                "secret_permissions": [
                  "Get",
                  "Set",
                  "List"
                ],
                "storage_permissions": [],
                "tenant_id": "3e4f5fd2-0cd7-4370-9980-93edd35f24eb"
              }
            ],
            "contact": [],
            "enable_rbac_authorization": false,
            "enabled_for_deployment": false,
            "enabled_for_disk_encryption": false,
            "enabled_for_template_deployment": false,
            "id": "/subscriptions/9c32f47d-6aab-4af6-921d-2de6cfe4ec8f/resourceGroups/rg-devops-demo/providers/Microsoft.KeyVault/vaults/kv-devops-bcb695ba",
            "location": "canadacentral",
            "name": "kv-devops-bcb695ba",
            "network_acls": [
              {
                "bypass": "AzureServices",
                "default_action": "Allow",
                "ip_rules": [],
                "virtual_network_subnet_ids": []
              }
            ],
            "public_network_access_enabled": true,
            "purge_protection_enabled": false,
            "resource_group_name": "rg-devops-demo",
            "sku_name": "standard",
            "soft_delete_retention_days": 7,
            "tags": {},
            "tenant_id": "3e4f5fd2-0cd7-4370-9980-93edd35f24eb",
            "timeouts": null,
            "vault_uri": "https://kv-devops-bcb695ba.vault.azure.net/"
          },
          "sensitive_attributes": [],
          "identity_schema_version": 0,
          "private": "eyJlMmJmYjczMC1lY2FhLTExZTYtOGY4OC0zNDM2M2JjN2M0YzAiOnsiY3JlYXRlIjoxODAwMDAwMDAwMDAwLCJkZWxldGUiOjE4MDAwMDAwMDAwMDAsInJlYWQiOjMwMDAwMDAwMDAwMCwidXBkYXRlIjoxODAwMDAwMDAwMDAwfSwic2NoZW1hX3ZlcnNpb24iOiIyIn0=",
          "dependencies": [
            "azurerm_resource_group.rg",
            "data.azurerm_client_config.current",
            "random_id.rand"
          ]
        }
      ]
    },
    {
      "mode": "managed",
      "type": "azurerm_key_vault_access_policy",
      "name": "vm_policy",
      "provider": "provider[\"registry.terraform.io/hashicorp/azurerm\"]",
      "instances": [
        {
          "schema_version": 0,
          "attributes": {
            "application_id": null,
            "certificate_permissions": null,
            "id": "/subscriptions/9c32f47d-6aab-4af6-921d-2de6cfe4ec8f/resourceGroups/rg-devops-demo/providers/Microsoft.KeyVault/vaults/kv-devops-bcb695ba/objectId/7c41c3ac-4cfa-4582-a818-976a460a19ce",
            "key_permissions": null,
            "key_vault_id": "/subscriptions/9c32f47d-6aab-4af6-921d-2de6cfe4ec8f/resourceGroups/rg-devops-demo/providers/Microsoft.KeyVault/vaults/kv-devops-bcb695ba",
            "object_id": "7c41c3ac-4cfa-4582-a818-976a460a19ce",
            "secret_permissions": [
              "Get",
              "List"
            ],
            "storage_permissions": null,
            "tenant_id": "3e4f5fd2-0cd7-4370-9980-93edd35f24eb",
            "timeouts": null
          },
          "sensitive_attributes": [],
          "identity_schema_version": 0,
          "private": "eyJlMmJmYjczMC1lY2FhLTExZTYtOGY4OC0zNDM2M2JjN2M0YzAiOnsiY3JlYXRlIjoxODAwMDAwMDAwMDAwLCJkZWxldGUiOjE4MDAwMDAwMDAwMDAsInJlYWQiOjMwMDAwMDAwMDAwMCwidXBkYXRlIjoxODAwMDAwMDAwMDAwfX0=",
          "dependencies": [
            "azurerm_key_vault.kv",
            "azurerm_linux_virtual_machine.vm",
            "azurerm_network_interface.nic",
            "azurerm_public_ip.pip",
            "azurerm_resource_group.rg",
            "azurerm_subnet.subnet",
            "azurerm_virtual_network.vnet",
            "data.azurerm_client_config.current",
            "random_id.rand"
          ]
        }
      ]
    },
    {
      "mode": "managed",
      "type": "azurerm_key_vault_secret",
      "name": "cloudflare_token",
      "provider": "provider[\"registry.terraform.io/hashicorp/azurerm\"]",
      "instances": [
        {
          "schema_version": 0,
          "attributes": {
            "content_type": "",
            "expiration_date": null,
            "id": "https://kv-devops-bcb695ba.vault.azure.net/secrets/cloudflare-api-token/f142f09fb325409fb66b52206b5ffc85",
            "key_vault_id": "/subscriptions/9c32f47d-6aab-4af6-921d-2de6cfe4ec8f/resourceGroups/rg-devops-demo/providers/Microsoft.KeyVault/vaults/kv-devops-bcb695ba",
            "name": "cloudflare-api-token",
            "not_before_date": null,
            "resource_id": "/subscriptions/9c32f47d-6aab-4af6-921d-2de6cfe4ec8f/resourceGroups/rg-devops-demo/providers/Microsoft.KeyVault/vaults/kv-devops-bcb695ba/secrets/cloudflare-api-token/versions/f142f09fb325409fb66b52206b5ffc85",
            "resource_versionless_id": "/subscriptions/9c32f47d-6aab-4af6-921d-2de6cfe4ec8f/resourceGroups/rg-devops-demo/providers/Microsoft.KeyVault/vaults/kv-devops-bcb695ba/secrets/cloudflare-api-token",
            "tags": {},
            "timeouts": null,
            "value": "LA9tlSb9ccAnsw2bsL0qI6A-D48KsbFX1WdT1fLb",
            "version": "f142f09fb325409fb66b52206b5ffc85",
            "versionless_id": "https://kv-devops-bcb695ba.vault.azure.net/secrets/cloudflare-api-token"
          },
          "sensitive_attributes": [
            [
              {
                "type": "get_attr",
                "value": "value"
              }
            ]
          ],
          "identity_schema_version": 0,
          "private": "eyJlMmJmYjczMC1lY2FhLTExZTYtOGY4OC0zNDM2M2JjN2M0YzAiOnsiY3JlYXRlIjoxODAwMDAwMDAwMDAwLCJkZWxldGUiOjE4MDAwMDAwMDAwMDAsInJlYWQiOjE4MDAwMDAwMDAwMDAsInVwZGF0ZSI6MTgwMDAwMDAwMDAwMH19",
          "dependencies": [
            "azurerm_key_vault.kv",
            "azurerm_resource_group.rg",
            "data.azurerm_client_config.current",
            "random_id.rand"
          ]
        }
      ]
    },
    {
      "mode": "managed",
      "type": "azurerm_linux_virtual_machine",
      "name": "vm",
      "provider": "provider[\"registry.terraform.io/hashicorp/azurerm\"]",
      "instances": [
        {
          "schema_version": 0,
          "attributes": {
            "additional_capabilities": [],
            "admin_password": null,
            "admin_ssh_key": [
              {
                "public_key": "ssh-rsa AAAAB3NzaC1yc2EAAAADAQABAAACAQC3E71KGtdFsvMS8bDytdDt9p6ajLiO9YMPprpBftc37Ti3Hw9Q12LchA26xL112kc4FsDwtMcFYo44ZCG+8MvzPVp26Jqe+RD+o6FFWkVDZuUKOR9IZvg1aA3pbV0tbB6eeovnQnqPpJhXneYnu5TJ2FRKwTui9ghFBJKpJloY8h0aIJNNPKry41CT3D+HU+vCxA3PQAGw2DRtLMYVQoljiSQEoX5zltbZUJKTDXRJatvzXCdv+tVq7QoFAaWt/M+/UeLwWSXjTt5DEWW/nXs7TOE9XYFn6yE5TljezYmHqqKwK7QYHqLR993J/OHkB3FrctV6Wx8adG9XIEcrZ8NwLtLh3+ZPjRrGBI5O94qJn84UDDACJFV3Gb9iivzBgoL11TLZelmwXMH/K65tQQ6/TkfsWAtR+9SEL4uoC6dXYL6K7E8vSJPZi3Kgpx1YS1fyeocgf9IygDcRM7dmkYEZ5J2KpcD8OyXZG2gCnt6eHGD4qRusxf13adba3OSpxC2mK/xeB8cKZKU+YMWrsWtEeRIM2+bPTvnqUtYLCvAXPzjJHNs9pdMKwoh3MtWLlo+LB3AwXZARXrX4u14g1YxQFxKbr/QVoNgmpi4hwVRHe6F+zjBpff/ZUu7cmxZolNtqKDeJM4noZAAxt/r1Xuu4R6gjUK1NZIEWsZq/m+zcmQ== yshah@rnao.ca\n\n",
                "username": "azureuser"
              }
            ],
            "admin_username": "azureuser",
            "allow_extension_operations": true,
            "availability_set_id": "",
            "boot_diagnostics": [],
            "bypass_platform_safety_checks_on_user_schedule_enabled": false,
            "capacity_reservation_group_id": "",
            "computer_name": "devops-vm-01",
            "custom_data": null,
            "dedicated_host_group_id": "",
            "dedicated_host_id": "",
            "disable_password_authentication": true,
            "disk_controller_type": "",
            "edge_zone": "",
            "encryption_at_host_enabled": false,
            "eviction_policy": "",
            "extensions_time_budget": "PT1H30M",
            "gallery_application": [],
            "id": "/subscriptions/9c32f47d-6aab-4af6-921d-2de6cfe4ec8f/resourceGroups/rg-devops-demo/providers/Microsoft.Compute/virtualMachines/devops-vm-01",
            "identity": [
              {
                "identity_ids": [],
                "principal_id": "7c41c3ac-4cfa-4582-a818-976a460a19ce",
                "tenant_id": "3e4f5fd2-0cd7-4370-9980-93edd35f24eb",
                "type": "SystemAssigned"
              }
            ],
            "license_type": "",
            "location": "canadacentral",
            "max_bid_price": -1,
            "name": "devops-vm-01",
            "network_interface_ids": [
              "/subscriptions/9c32f47d-6aab-4af6-921d-2de6cfe4ec8f/resourceGroups/rg-devops-demo/providers/Microsoft.Network/networkInterfaces/vm-nic"
            ],
            "os_disk": [
              {
                "caching": "ReadWrite",
                "diff_disk_settings": [],
                "disk_encryption_set_id": "",
                "disk_size_gb": 30,
                "name": "devops-vm-01_OsDisk_1_c8d7b67db675484b9ffa393a040894b4",
                "secure_vm_disk_encryption_set_id": "",
                "security_encryption_type": "",
                "storage_account_type": "Standard_LRS",
                "write_accelerator_enabled": false
              }
            ],
            "os_image_notification": [],
            "patch_assessment_mode": "ImageDefault",
            "patch_mode": "ImageDefault",
            "plan": [],
            "platform_fault_domain": -1,
            "priority": "Regular",
            "private_ip_address": "10.0.1.4",
            "private_ip_addresses": [
              "10.0.1.4"
            ],
            "provision_vm_agent": true,
            "proximity_placement_group_id": "",
            "public_ip_address": "20.104.51.142",
            "public_ip_addresses": [
              "20.104.51.142"
            ],
            "reboot_setting": "",
            "resource_group_name": "rg-devops-demo",
            "secret": [],
            "secure_boot_enabled": false,
            "size": "Standard_B2s",
            "source_image_id": "",
            "source_image_reference": [
              {
                "offer": "0001-com-ubuntu-server-jammy",
                "publisher": "Canonical",
                "sku": "22_04-lts",
                "version": "latest"
              }
            ],
            "tags": {
              "environment": "dev",
              "project": "devops-discovery"
            },
            "termination_notification": [],
            "timeouts": null,
            "user_data": "",
            "virtual_machine_id": "453fd621-c2dc-43cb-ba61-b1c87e53d86f",
            "virtual_machine_scale_set_id": "",
            "vm_agent_platform_updates_enabled": false,
            "vtpm_enabled": false,
            "zone": ""
          },
          "sensitive_attributes": [
            [
              {
                "type": "get_attr",
                "value": "admin_password"
              }
            ],
            [
              {
                "type": "get_attr",
                "value": "custom_data"
              }
            ]
          ],
          "identity_schema_version": 0,
          "private": "eyJlMmJmYjczMC1lY2FhLTExZTYtOGY4OC0zNDM2M2JjN2M0YzAiOnsiY3JlYXRlIjoyNzAwMDAwMDAwMDAwLCJkZWxldGUiOjI3MDAwMDAwMDAwMDAsInJlYWQiOjMwMDAwMDAwMDAwMCwidXBkYXRlIjoyNzAwMDAwMDAwMDAwfX0=",
          "dependencies": [
            "azurerm_network_interface.nic",
            "azurerm_public_ip.pip",
            "azurerm_resource_group.rg",
            "azurerm_subnet.subnet",
            "azurerm_virtual_network.vnet"
          ]
        }
      ]
    },
    {
      "mode": "managed",
      "type": "azurerm_log_analytics_workspace",
      "name": "law",
      "provider": "provider[\"registry.terraform.io/hashicorp/azurerm\"]",
      "instances": [
        {
          "schema_version": 3,
          "attributes": {
            "allow_resource_only_permissions": true,
            "cmk_for_query_forced": false,
            "daily_quota_gb": -1,
            "data_collection_rule_id": "",
            "id": "/subscriptions/9c32f47d-6aab-4af6-921d-2de6cfe4ec8f/resourceGroups/rg-devops-demo/providers/Microsoft.OperationalInsights/workspaces/law-devops-demo",
            "identity": [],
            "immediate_data_purge_on_30_days_enabled": false,
            "internet_ingestion_enabled": true,
            "internet_query_enabled": true,
            "local_authentication_disabled": false,
            "location": "canadacentral",
            "name": "law-devops-demo",
            "primary_shared_key": "/FPAiZffInhoRdX/LGaJ4Oh24ZwntpnqUj0o0XiZ1PrH1GVwNoGD662cv34UxajaFAIaJ8TCS7BsKnCS0cBTng==",
            "reservation_capacity_in_gb_per_day": null,
            "resource_group_name": "rg-devops-demo",
            "retention_in_days": 30,
            "secondary_shared_key": "BxZPJ4wMsjnKRuAiii1ntLj2Anf9OHeX3T6izkz12biNbNDBzFemeIYW0lUaN6tXmvkosPqmYNm0Uqs1xy7zJQ==",
            "sku": "PerGB2018",
            "tags": {},
            "timeouts": null,
            "workspace_id": "9c41267c-1935-4e80-bcad-1b4659a2f2c8"
          },
          "sensitive_attributes": [
            [
              {
                "type": "get_attr",
                "value": "primary_shared_key"
              }
            ],
            [
              {
                "type": "get_attr",
                "value": "secondary_shared_key"
              }
            ]
          ],
          "identity_schema_version": 0,
          "private": "eyJlMmJmYjczMC1lY2FhLTExZTYtOGY4OC0zNDM2M2JjN2M0YzAiOnsiY3JlYXRlIjoxODAwMDAwMDAwMDAwLCJkZWxldGUiOjE4MDAwMDAwMDAwMDAsInJlYWQiOjMwMDAwMDAwMDAwMCwidXBkYXRlIjoxODAwMDAwMDAwMDAwfSwic2NoZW1hX3ZlcnNpb24iOiIzIn0=",
          "dependencies": [
            "azurerm_resource_group.rg"
          ]
        }
      ]
    },
    {
      "mode": "managed",
      "type": "azurerm_monitor_action_group",
      "name": "alerts",
      "provider": "provider[\"registry.terraform.io/hashicorp/azurerm\"]",
      "instances": [
        {
          "schema_version": 1,
          "attributes": {
            "arm_role_receiver": [],
            "automation_runbook_receiver": [],
            "azure_app_push_receiver": [],
            "azure_function_receiver": [],
            "email_receiver": [
              {
                "email_address": "yshah@rnao.ca",
                "name": "admin",
                "use_common_alert_schema": false
              }
            ],
            "enabled": true,
            "event_hub_receiver": [],
            "id": "/subscriptions/9c32f47d-6aab-4af6-921d-2de6cfe4ec8f/resourceGroups/rg-devops-demo/providers/Microsoft.Insights/actionGroups/devops-alerts",
            "itsm_receiver": [],
            "location": "global",
            "logic_app_receiver": [],
            "name": "devops-alerts",
            "resource_group_name": "rg-devops-demo",
            "short_name": "alerts",
            "sms_receiver": [],
            "tags": {},
            "timeouts": null,
            "voice_receiver": [],
            "webhook_receiver": []
          },
          "sensitive_attributes": [],
          "identity_schema_version": 0,
          "private": "eyJlMmJmYjczMC1lY2FhLTExZTYtOGY4OC0zNDM2M2JjN2M0YzAiOnsiY3JlYXRlIjoxODAwMDAwMDAwMDAwLCJkZWxldGUiOjE4MDAwMDAwMDAwMDAsInJlYWQiOjMwMDAwMDAwMDAwMCwidXBkYXRlIjoxODAwMDAwMDAwMDAwfSwic2NoZW1hX3ZlcnNpb24iOiIxIn0=",
          "dependencies": [
            "azurerm_resource_group.rg"
          ]
        }
      ]
    },
    {
      "mode": "managed",
      "type": "azurerm_monitor_metric_alert",
      "name": "cpu_alert",
      "provider": "provider[\"registry.terraform.io/hashicorp/azurerm\"]",
      "instances": [
        {
          "schema_version": 1,
          "attributes": {
            "action": [
              {
                "action_group_id": "/subscriptions/9c32f47d-6aab-4af6-921d-2de6cfe4ec8f/resourceGroups/rg-devops-demo/providers/Microsoft.Insights/actionGroups/devops-alerts",
                "webhook_properties": {}
              }
            ],
            "application_insights_web_test_location_availability_criteria": [],
            "auto_mitigate": true,
            "criteria": [
              {
                "aggregation": "Average",
                "dimension": [],
                "metric_name": "Percentage CPU",
                "metric_namespace": "Microsoft.Compute/virtualMachines",
                "operator": "GreaterThan",
                "skip_metric_validation": false,
                "threshold": 80
              }
            ],
            "description": "",
            "dynamic_criteria": [],
            "enabled": true,
            "frequency": "PT5M",
            "id": "/subscriptions/9c32f47d-6aab-4af6-921d-2de6cfe4ec8f/resourceGroups/rg-devops-demo/providers/Microsoft.Insights/metricAlerts/vm-high-cpu",
            "name": "vm-high-cpu",
            "resource_group_name": "rg-devops-demo",
            "scopes": [
              "/subscriptions/9c32f47d-6aab-4af6-921d-2de6cfe4ec8f/resourceGroups/rg-devops-demo/providers/Microsoft.Compute/virtualMachines/devops-vm-01"
            ],
            "severity": 2,
            "tags": {},
            "target_resource_location": "",
            "target_resource_type": "",
            "timeouts": null,
            "window_size": "PT5M"
          },
          "sensitive_attributes": [],
          "identity_schema_version": 0,
          "private": "eyJlMmJmYjczMC1lY2FhLTExZTYtOGY4OC0zNDM2M2JjN2M0YzAiOnsiY3JlYXRlIjoxODAwMDAwMDAwMDAwLCJkZWxldGUiOjE4MDAwMDAwMDAwMDAsInJlYWQiOjMwMDAwMDAwMDAwMCwidXBkYXRlIjoxODAwMDAwMDAwMDAwfSwic2NoZW1hX3ZlcnNpb24iOiIxIn0=",
          "dependencies": [
            "azurerm_linux_virtual_machine.vm",
            "azurerm_monitor_action_group.alerts",
            "azurerm_network_interface.nic",
            "azurerm_public_ip.pip",
            "azurerm_resource_group.rg",
            "azurerm_subnet.subnet",
            "azurerm_virtual_network.vnet"
          ]
        }
      ]
    },
    {
      "mode": "managed",
      "type": "azurerm_monitor_metric_alert",
      "name": "vm_cpu",
      "provider": "provider[\"registry.terraform.io/hashicorp/azurerm\"]",
      "instances": [
        {
          "schema_version": 1,
          "attributes": {
            "action": [
              {
                "action_group_id": "/subscriptions/9c32f47d-6aab-4af6-921d-2de6cfe4ec8f/resourceGroups/rg-devops-demo/providers/Microsoft.Insights/actionGroups/devops-alerts",
                "webhook_properties": {}
              }
            ],
            "application_insights_web_test_location_availability_criteria": [],
            "auto_mitigate": true,
            "criteria": [
              {
                "aggregation": "Average",
                "dimension": [],
                "metric_name": "Percentage CPU",
                "metric_namespace": "Microsoft.Compute/virtualMachines",
                "operator": "GreaterThan",
                "skip_metric_validation": false,
                "threshold": 80
              }
            ],
            "description": "",
            "dynamic_criteria": [],
            "enabled": true,
            "frequency": "PT5M",
            "id": "/subscriptions/9c32f47d-6aab-4af6-921d-2de6cfe4ec8f/resourceGroups/rg-devops-demo/providers/Microsoft.Insights/metricAlerts/vm-high-cpu",
            "name": "vm-high-cpu",
            "resource_group_name": "rg-devops-demo",
            "scopes": [
              "/subscriptions/9c32f47d-6aab-4af6-921d-2de6cfe4ec8f/resourceGroups/rg-devops-demo/providers/Microsoft.Compute/virtualMachines/devops-vm-01"
            ],
            "severity": 2,
            "tags": {},
            "target_resource_location": "",
            "target_resource_type": "",
            "timeouts": null,
            "window_size": "PT5M"
          },
          "sensitive_attributes": [],
          "identity_schema_version": 0,
          "private": "eyJlMmJmYjczMC1lY2FhLTExZTYtOGY4OC0zNDM2M2JjN2M0YzAiOnsiY3JlYXRlIjoxODAwMDAwMDAwMDAwLCJkZWxldGUiOjE4MDAwMDAwMDAwMDAsInJlYWQiOjMwMDAwMDAwMDAwMCwidXBkYXRlIjoxODAwMDAwMDAwMDAwfSwic2NoZW1hX3ZlcnNpb24iOiIxIn0=",
          "dependencies": [
            "azurerm_linux_virtual_machine.vm",
            "azurerm_monitor_action_group.alerts",
            "azurerm_network_interface.nic",
            "azurerm_public_ip.pip",
            "azurerm_resource_group.rg",
            "azurerm_subnet.subnet",
            "azurerm_virtual_network.vnet"
          ]
        }
      ]
    },
    {
      "mode": "managed",
      "type": "azurerm_monitor_metric_alert",
      "name": "website_down",
      "provider": "provider[\"registry.terraform.io/hashicorp/azurerm\"]",
      "instances": [
        {
          "schema_version": 1,
          "attributes": {
            "action": [
              {
                "action_group_id": "/subscriptions/9c32f47d-6aab-4af6-921d-2de6cfe4ec8f/resourceGroups/rg-devops-demo/providers/Microsoft.Insights/actionGroups/devops-alerts",
                "webhook_properties": {}
              }
            ],
            "application_insights_web_test_location_availability_criteria": [],
            "auto_mitigate": true,
            "criteria": [
              {
                "aggregation": "Average",
                "dimension": [],
                "metric_name": "availabilityResults/availabilityPercentage",
                "metric_namespace": "Microsoft.Insights/components",
                "operator": "LessThan",
                "skip_metric_validation": false,
                "threshold": 99
              }
            ],
            "description": "Website is down",
            "dynamic_criteria": [],
            "enabled": true,
            "frequency": "PT5M",
            "id": "/subscriptions/9c32f47d-6aab-4af6-921d-2de6cfe4ec8f/resourceGroups/rg-devops-demo/providers/Microsoft.Insights/metricAlerts/website-down",
            "name": "website-down",
            "resource_group_name": "rg-devops-demo",
            "scopes": [
              "/subscriptions/9c32f47d-6aab-4af6-921d-2de6cfe4ec8f/resourceGroups/rg-devops-demo/providers/Microsoft.Insights/components/appi-devops-demo"
            ],
            "severity": 2,
            "tags": {},
            "target_resource_location": "",
            "target_resource_type": "",
            "timeouts": null,
            "window_size": "PT5M"
          },
          "sensitive_attributes": [],
          "identity_schema_version": 0,
          "private": "eyJlMmJmYjczMC1lY2FhLTExZTYtOGY4OC0zNDM2M2JjN2M0YzAiOnsiY3JlYXRlIjoxODAwMDAwMDAwMDAwLCJkZWxldGUiOjE4MDAwMDAwMDAwMDAsInJlYWQiOjMwMDAwMDAwMDAwMCwidXBkYXRlIjoxODAwMDAwMDAwMDAwfSwic2NoZW1hX3ZlcnNpb24iOiIxIn0=",
          "dependencies": [
            "azurerm_application_insights.appi",
            "azurerm_log_analytics_workspace.law",
            "azurerm_monitor_action_group.alerts",
            "azurerm_resource_group.rg"
          ]
        }
      ]
    },
    {
      "mode": "managed",
      "type": "azurerm_monitor_scheduled_query_rules_alert",
      "name": "website_down",
      "provider": "provider[\"registry.terraform.io/hashicorp/azurerm\"]",
      "instances": [
        {
          "schema_version": 1,
          "attributes": {
            "action": [
              {
                "action_group": [
                  "/subscriptions/9c32f47d-6aab-4af6-921d-2de6cfe4ec8f/resourceGroups/rg-devops-demo/providers/Microsoft.Insights/actionGroups/devops-alerts"
                ],
                "custom_webhook_payload": "",
                "email_subject": ""
              }
            ],
            "authorized_resource_ids": [],
            "auto_mitigation_enabled": false,
            "data_source_id": "/subscriptions/9c32f47d-6aab-4af6-921d-2de6cfe4ec8f/resourceGroups/rg-devops-demo/providers/Microsoft.OperationalInsights/workspaces/law-devops-demo",
            "description": "",
            "enabled": true,
            "frequency": 5,
            "id": "/subscriptions/9c32f47d-6aab-4af6-921d-2de6cfe4ec8f/resourceGroups/rg-devops-demo/providers/Microsoft.Insights/scheduledQueryRules/website-down-alert",
            "location": "canadacentral",
            "name": "website-down-alert",
            "query": "AppRequests\n| where Url contains \"https://20.104.51.142\"\n| summarize count() by bin(TimeGenerated, 5m)\n| where count_ == 0\n",
            "query_type": "ResultCount",
            "resource_group_name": "rg-devops-demo",
            "severity": 1,
            "tags": {},
            "throttling": 0,
            "time_window": 5,
            "timeouts": null,
            "trigger": [
              {
                "metric_trigger": [],
                "operator": "GreaterThan",
                "threshold": 0
              }
            ]
          },
          "sensitive_attributes": [],
          "identity_schema_version": 0,
          "private": "eyJlMmJmYjczMC1lY2FhLTExZTYtOGY4OC0zNDM2M2JjN2M0YzAiOnsiY3JlYXRlIjoxODAwMDAwMDAwMDAwLCJkZWxldGUiOjE4MDAwMDAwMDAwMDAsInJlYWQiOjMwMDAwMDAwMDAwMCwidXBkYXRlIjoxODAwMDAwMDAwMDAwfSwic2NoZW1hX3ZlcnNpb24iOiIxIn0=",
          "dependencies": [
            "azurerm_log_analytics_workspace.law",
            "azurerm_monitor_action_group.alerts",
            "azurerm_public_ip.pip",
            "azurerm_resource_group.rg"
          ]
        }
      ]
    },
    {
      "mode": "managed",
      "type": "azurerm_network_interface",
      "name": "nic",
      "provider": "provider[\"registry.terraform.io/hashicorp/azurerm\"]",
      "instances": [
        {
          "schema_version": 0,
          "attributes": {
            "accelerated_networking_enabled": false,
            "applied_dns_servers": [],
            "auxiliary_mode": "",
            "auxiliary_sku": "",
            "dns_servers": [],
            "edge_zone": "",
            "enable_accelerated_networking": false,
            "enable_ip_forwarding": false,
            "id": "/subscriptions/9c32f47d-6aab-4af6-921d-2de6cfe4ec8f/resourceGroups/rg-devops-demo/providers/Microsoft.Network/networkInterfaces/vm-nic",
            "internal_dns_name_label": "",
            "internal_domain_name_suffix": "rhtnsou1ftouneidux4tsgimzh.ux.internal.cloudapp.net",
            "ip_configuration": [
              {
                "gateway_load_balancer_frontend_ip_configuration_id": "",
                "name": "internal",
                "primary": true,
                "private_ip_address": "10.0.1.4",
                "private_ip_address_allocation": "Dynamic",
                "private_ip_address_version": "IPv4",
                "public_ip_address_id": "/subscriptions/9c32f47d-6aab-4af6-921d-2de6cfe4ec8f/resourceGroups/rg-devops-demo/providers/Microsoft.Network/publicIPAddresses/vm-public-ip",
                "subnet_id": "/subscriptions/9c32f47d-6aab-4af6-921d-2de6cfe4ec8f/resourceGroups/rg-devops-demo/providers/Microsoft.Network/virtualNetworks/vnet-devops/subnets/subnet-1"
              }
            ],
            "ip_forwarding_enabled": false,
            "location": "canadacentral",
            "mac_address": "60-45-BD-60-D9-C5",
            "name": "vm-nic",
            "private_ip_address": "10.0.1.4",
            "private_ip_addresses": [
              "10.0.1.4"
            ],
            "resource_group_name": "rg-devops-demo",
            "tags": {},
            "timeouts": null,
            "virtual_machine_id": "/subscriptions/9c32f47d-6aab-4af6-921d-2de6cfe4ec8f/resourceGroups/rg-devops-demo/providers/Microsoft.Compute/virtualMachines/devops-vm-01"
          },
          "sensitive_attributes": [],
          "identity_schema_version": 0,
          "private": "eyJlMmJmYjczMC1lY2FhLTExZTYtOGY4OC0zNDM2M2JjN2M0YzAiOnsiY3JlYXRlIjoxODAwMDAwMDAwMDAwLCJkZWxldGUiOjE4MDAwMDAwMDAwMDAsInJlYWQiOjMwMDAwMDAwMDAwMCwidXBkYXRlIjoxODAwMDAwMDAwMDAwfX0=",
          "dependencies": [
            "azurerm_public_ip.pip",
            "azurerm_resource_group.rg",
            "azurerm_subnet.subnet",
            "azurerm_virtual_network.vnet"
          ]
        }
      ]
    },
    {
      "mode": "managed",
      "type": "azurerm_network_interface_security_group_association",
      "name": "nsg_assoc",
      "provider": "provider[\"registry.terraform.io/hashicorp/azurerm\"]",
      "instances": [
        {
          "schema_version": 0,
          "attributes": {
            "id": "/subscriptions/9c32f47d-6aab-4af6-921d-2de6cfe4ec8f/resourceGroups/rg-devops-demo/providers/Microsoft.Network/networkInterfaces/vm-nic|/subscriptions/9c32f47d-6aab-4af6-921d-2de6cfe4ec8f/resourceGroups/rg-devops-demo/providers/Microsoft.Network/networkSecurityGroups/nsg-web",
            "network_interface_id": "/subscriptions/9c32f47d-6aab-4af6-921d-2de6cfe4ec8f/resourceGroups/rg-devops-demo/providers/Microsoft.Network/networkInterfaces/vm-nic",
            "network_security_group_id": "/subscriptions/9c32f47d-6aab-4af6-921d-2de6cfe4ec8f/resourceGroups/rg-devops-demo/providers/Microsoft.Network/networkSecurityGroups/nsg-web",
            "timeouts": null
          },
          "sensitive_attributes": [],
          "identity_schema_version": 0,
          "private": "eyJlMmJmYjczMC1lY2FhLTExZTYtOGY4OC0zNDM2M2JjN2M0YzAiOnsiY3JlYXRlIjoxODAwMDAwMDAwMDAwLCJkZWxldGUiOjE4MDAwMDAwMDAwMDAsInJlYWQiOjMwMDAwMDAwMDAwMH19",
          "dependencies": [
            "azurerm_network_interface.nic",
            "azurerm_network_security_group.nsg",
            "azurerm_public_ip.pip",
            "azurerm_resource_group.rg",
            "azurerm_subnet.subnet",
            "azurerm_virtual_network.vnet"
          ]
        }
      ]
    },
    {
      "mode": "managed",
      "type": "azurerm_network_security_group",
      "name": "nsg",
      "provider": "provider[\"registry.terraform.io/hashicorp/azurerm\"]",
      "instances": [
        {
          "schema_version": 0,
          "attributes": {
            "id": "/subscriptions/9c32f47d-6aab-4af6-921d-2de6cfe4ec8f/resourceGroups/rg-devops-demo/providers/Microsoft.Network/networkSecurityGroups/nsg-web",
            "location": "canadacentral",
            "name": "nsg-web",
            "resource_group_name": "rg-devops-demo",
            "security_rule": [
              {
                "access": "Allow",
                "description": "",
                "destination_address_prefix": "*",
                "destination_address_prefixes": [],
                "destination_application_security_group_ids": [],
                "destination_port_range": "22",
                "destination_port_ranges": [],
                "direction": "Inbound",
                "name": "Allow-SSH",
                "priority": 100,
                "protocol": "Tcp",
                "source_address_prefix": "*",
                "source_address_prefixes": [],
                "source_application_security_group_ids": [],
                "source_port_range": "*",
                "source_port_ranges": []
              },
              {
                "access": "Allow",
                "description": "",
                "destination_address_prefix": "*",
                "destination_address_prefixes": [],
                "destination_application_security_group_ids": [],
                "destination_port_range": "443",
                "destination_port_ranges": [],
                "direction": "Inbound",
                "name": "Allow-HTTPS",
                "priority": 120,
                "protocol": "Tcp",
                "source_address_prefix": "*",
                "source_address_prefixes": [],
                "source_application_security_group_ids": [],
                "source_port_range": "*",
                "source_port_ranges": []
              },
              {
                "access": "Allow",
                "description": "",
                "destination_address_prefix": "*",
                "destination_address_prefixes": [],
                "destination_application_security_group_ids": [],
                "destination_port_range": "80",
                "destination_port_ranges": [],
                "direction": "Inbound",
                "name": "Allow-HTTP",
                "priority": 110,
                "protocol": "Tcp",
                "source_address_prefix": "*",
                "source_address_prefixes": [],
                "source_application_security_group_ids": [],
                "source_port_range": "*",
                "source_port_ranges": []
              }
            ],
            "tags": {},
            "timeouts": null
          },
          "sensitive_attributes": [],
          "identity_schema_version": 0,
          "private": "eyJlMmJmYjczMC1lY2FhLTExZTYtOGY4OC0zNDM2M2JjN2M0YzAiOnsiY3JlYXRlIjoxODAwMDAwMDAwMDAwLCJkZWxldGUiOjE4MDAwMDAwMDAwMDAsInJlYWQiOjMwMDAwMDAwMDAwMCwidXBkYXRlIjoxODAwMDAwMDAwMDAwfX0=",
          "dependencies": [
            "azurerm_resource_group.rg"
          ]
        }
      ]
    },
    {
      "mode": "managed",
      "type": "azurerm_public_ip",
      "name": "pip",
      "provider": "provider[\"registry.terraform.io/hashicorp/azurerm\"]",
      "instances": [
        {
          "schema_version": 0,
          "attributes": {
            "allocation_method": "Static",
            "ddos_protection_mode": "VirtualNetworkInherited",
            "ddos_protection_plan_id": null,
            "domain_name_label": null,
            "edge_zone": "",
            "fqdn": null,
            "id": "/subscriptions/9c32f47d-6aab-4af6-921d-2de6cfe4ec8f/resourceGroups/rg-devops-demo/providers/Microsoft.Network/publicIPAddresses/vm-public-ip",
            "idle_timeout_in_minutes": 4,
            "ip_address": "20.104.51.142",
            "ip_tags": {},
            "ip_version": "IPv4",
            "location": "canadacentral",
            "name": "vm-public-ip",
            "public_ip_prefix_id": null,
            "resource_group_name": "rg-devops-demo",
            "reverse_fqdn": null,
            "sku": "Standard",
            "sku_tier": "Regional",
            "tags": {
              "environment": "dev"
            },
            "timeouts": null,
            "zones": []
          },
          "sensitive_attributes": [],
          "identity_schema_version": 0,
          "private": "eyJlMmJmYjczMC1lY2FhLTExZTYtOGY4OC0zNDM2M2JjN2M0YzAiOnsiY3JlYXRlIjoxODAwMDAwMDAwMDAwLCJkZWxldGUiOjE4MDAwMDAwMDAwMDAsInJlYWQiOjMwMDAwMDAwMDAwMCwidXBkYXRlIjoxODAwMDAwMDAwMDAwfX0=",
          "dependencies": [
            "azurerm_resource_group.rg"
          ]
        }
      ]
    },
    {
      "mode": "managed",
      "type": "azurerm_resource_group",
      "name": "rg",
      "provider": "provider[\"registry.terraform.io/hashicorp/azurerm\"]",
      "instances": [
        {
          "schema_version": 0,
          "attributes": {
            "id": "/subscriptions/9c32f47d-6aab-4af6-921d-2de6cfe4ec8f/resourceGroups/rg-devops-demo",
            "location": "canadacentral",
            "managed_by": "",
            "name": "rg-devops-demo",
            "tags": {},
            "timeouts": null
          },
          "sensitive_attributes": [],
          "identity_schema_version": 0,
          "private": "eyJlMmJmYjczMC1lY2FhLTExZTYtOGY4OC0zNDM2M2JjN2M0YzAiOnsiY3JlYXRlIjo1NDAwMDAwMDAwMDAwLCJkZWxldGUiOjU0MDAwMDAwMDAwMDAsInJlYWQiOjMwMDAwMDAwMDAwMCwidXBkYXRlIjo1NDAwMDAwMDAwMDAwfX0="
        }
      ]
    },
    {
      "mode": "managed",
      "type": "azurerm_subnet",
      "name": "subnet",
      "provider": "provider[\"registry.terraform.io/hashicorp/azurerm\"]",
      "instances": [
        {
          "schema_version": 0,
          "attributes": {
            "address_prefixes": [
              "10.0.1.0/24"
            ],
            "default_outbound_access_enabled": true,
            "delegation": [],
            "enforce_private_link_endpoint_network_policies": false,
            "enforce_private_link_service_network_policies": false,
            "id": "/subscriptions/9c32f47d-6aab-4af6-921d-2de6cfe4ec8f/resourceGroups/rg-devops-demo/providers/Microsoft.Network/virtualNetworks/vnet-devops/subnets/subnet-1",
            "name": "subnet-1",
            "private_endpoint_network_policies": "Enabled",
            "private_endpoint_network_policies_enabled": true,
            "private_link_service_network_policies_enabled": true,
            "resource_group_name": "rg-devops-demo",
            "service_endpoint_policy_ids": [],
            "service_endpoints": [],
            "timeouts": null,
            "virtual_network_name": "vnet-devops"
          },
          "sensitive_attributes": [],
          "identity_schema_version": 0,
          "private": "eyJlMmJmYjczMC1lY2FhLTExZTYtOGY4OC0zNDM2M2JjN2M0YzAiOnsiY3JlYXRlIjoxODAwMDAwMDAwMDAwLCJkZWxldGUiOjE4MDAwMDAwMDAwMDAsInJlYWQiOjMwMDAwMDAwMDAwMCwidXBkYXRlIjoxODAwMDAwMDAwMDAwfX0=",
          "dependencies": [
            "azurerm_resource_group.rg",
            "azurerm_virtual_network.vnet"
          ]
        }
      ]
    },
    {
      "mode": "managed",
      "type": "azurerm_virtual_network",
      "name": "vnet",
      "provider": "provider[\"registry.terraform.io/hashicorp/azurerm\"]",
      "instances": [
        {
          "schema_version": 0,
          "attributes": {
            "address_space": [
              "10.0.0.0/16"
            ],
            "bgp_community": "",
            "ddos_protection_plan": [],
            "dns_servers": [],
            "edge_zone": "",
            "encryption": [],
            "flow_timeout_in_minutes": 0,
            "guid": "3ad9e689-2c9b-46dd-9103-a5fd39190ccf",
            "id": "/subscriptions/9c32f47d-6aab-4af6-921d-2de6cfe4ec8f/resourceGroups/rg-devops-demo/providers/Microsoft.Network/virtualNetworks/vnet-devops",
            "location": "canadacentral",
            "name": "vnet-devops",
            "resource_group_name": "rg-devops-demo",
            "subnet": [
              {
                "address_prefix": "10.0.1.0/24",
                "id": "/subscriptions/9c32f47d-6aab-4af6-921d-2de6cfe4ec8f/resourceGroups/rg-devops-demo/providers/Microsoft.Network/virtualNetworks/vnet-devops/subnets/subnet-1",
                "name": "subnet-1",
                "security_group": ""
              }
            ],
            "tags": {},
            "timeouts": null
          },
          "sensitive_attributes": [],
          "identity_schema_version": 0,
          "private": "eyJlMmJmYjczMC1lY2FhLTExZTYtOGY4OC0zNDM2M2JjN2M0YzAiOnsiY3JlYXRlIjoxODAwMDAwMDAwMDAwLCJkZWxldGUiOjE4MDAwMDAwMDAwMDAsInJlYWQiOjMwMDAwMDAwMDAwMCwidXBkYXRlIjoxODAwMDAwMDAwMDAwfX0=",
          "dependencies": [
            "azurerm_resource_group.rg"
          ]
        }
      ]
    },
    {
      "mode": "managed",
      "type": "random_id",
      "name": "rand",
      "provider": "provider[\"registry.terraform.io/hashicorp/random\"]",
      "instances": [
        {
          "schema_version": 0,
          "attributes": {
            "b64_std": "vLaVug==",
            "b64_url": "vLaVug",
            "byte_length": 4,
            "dec": "3166082490",
            "hex": "bcb695ba",
            "id": "vLaVug",
            "keepers": null,
            "prefix": null
          },
          "sensitive_attributes": [],
          "identity_schema_version": 0
        }
      ]
    }
  ],
  "check_results": null
}
